
Microsoft Visual Studio Solution File, Format Version 12.00
# Visual Studio 15
VisualStudioVersion = 15.0.26124.0
MinimumVisualStudioVersion = 15.0.26124.0
Project("{FAE04EC0-301F-11D3-BF4B-00C04F79EFBC}") = "A", "A\A.csproj", "{ADB1FEE1-445F-42BE-A577-8B2D0E485335}"
EndProject
Project("{FAE04EC0-301F-11D3-BF4B-00C04F79EFBC}") = "B", "B\B.csproj", "{28D72987-E6A5-4C04-923C-6121F73A8A4F}"
EndProject
Project("{FAE04EC0-301F-11D3-BF4B-00C04F79EFBC}") = "B1", "B1\B1.csproj", "{5D636B22-EFFE-4AE6-B4FF-0B5E45A48EAF}"
EndProject
Project("{FAE04EC0-301F-11D3-BF4B-00C04F79EFBC}") = "C", "C\C.csproj", "{A55808B3-14C7-4D5D-ACC3-6E75B2C2490A}"
EndProject
Project("{FAE04EC0-301F-11D3-BF4B-00C04F79EFBC}") = "D", "D\D.csproj", "{C445428E-37BC-4553-A29B-8ACF4E7EB85D}"
EndProject
Global
	GlobalSection(SolutionConfigurationPlatforms) = preSolution
		Debug|Any CPU = Debug|Any CPU
		Debug|x64 = Debug|x64
		Debug|x86 = Debug|x86
		Release|Any CPU = Release|Any CPU
		Release|x64 = Release|x64
		Release|x86 = Release|x86
	EndGlobalSection
	GlobalSection(SolutionProperties) = preSolution
		HideSolutionNode = FALSE
	EndGlobalSection
	GlobalSection(ProjectConfigurationPlatforms) = postSolution
		{ADB1FEE1-445F-42BE-A577-8B2D0E485335}.Debug|Any CPU.ActiveCfg = Debug|Any CPU
		{ADB1FEE1-445F-42BE-A577-8B2D0E485335}.Debug|Any CPU.Build.0 = Debug|Any CPU
		{ADB1FEE1-445F-42BE-A577-8B2D0E485335}.Debug|x64.ActiveCfg = Debug|Any CPU
		{ADB1FEE1-445F-42BE-A577-8B2D0E485335}.Debug|x64.Build.0 = Debug|Any CPU
		{ADB1FEE1-445F-42BE-A577-8B2D0E485335}.Debug|x86.ActiveCfg = Debug|Any CPU
		{ADB1FEE1-445F-42BE-A577-8B2D0E485335}.Debug|x86.Build.0 = Debug|Any CPU
		{ADB1FEE1-445F-42BE-A577-8B2D0E485335}.Release|Any CPU.ActiveCfg = Release|Any CPU
		{ADB1FEE1-445F-42BE-A577-8B2D0E485335}.Release|Any CPU.Build.0 = Release|Any CPU
		{ADB1FEE1-445F-42BE-A577-8B2D0E485335}.Release|x64.ActiveCfg = Release|Any CPU
		{ADB1FEE1-445F-42BE-A577-8B2D0E485335}.Release|x64.Build.0 = Release|Any CPU
		{ADB1FEE1-445F-42BE-A577-8B2D0E485335}.Release|x86.ActiveCfg = Release|Any CPU
		{ADB1FEE1-445F-42BE-A577-8B2D0E485335}.Release|x86.Build.0 = Release|Any CPU
		{28D72987-E6A5-4C04-923C-6121F73A8A4F}.Debug|Any CPU.ActiveCfg = Debug|Any CPU
		{28D72987-E6A5-4C04-923C-6121F73A8A4F}.Debug|Any CPU.Build.0 = Debug|Any CPU
		{28D72987-E6A5-4C04-923C-6121F73A8A4F}.Debug|x64.ActiveCfg = Debug|Any CPU
		{28D72987-E6A5-4C04-923C-6121F73A8A4F}.Debug|x64.Build.0 = Debug|Any CPU
		{28D72987-E6A5-4C04-923C-6121F73A8A4F}.Debug|x86.ActiveCfg = Debug|Any CPU
		{28D72987-E6A5-4C04-923C-6121F73A8A4F}.Debug|x86.Build.0 = Debug|Any CPU
		{28D72987-E6A5-4C04-923C-6121F73A8A4F}.Release|Any CPU.ActiveCfg = Release|Any CPU
		{28D72987-E6A5-4C04-923C-6121F73A8A4F}.Release|Any CPU.Build.0 = Release|Any CPU
		{28D72987-E6A5-4C04-923C-6121F73A8A4F}.Release|x64.ActiveCfg = Release|Any CPU
		{28D72987-E6A5-4C04-923C-6121F73A8A4F}.Release|x64.Build.0 = Release|Any CPU
		{28D72987-E6A5-4C04-923C-6121F73A8A4F}.Release|x86.ActiveCfg = Release|Any CPU
		{28D72987-E6A5-4C04-923C-6121F73A8A4F}.Release|x86.Build.0 = Release|Any CPU
		{5D636B22-EFFE-4AE6-B4FF-0B5E45A48EAF}.Debug|Any CPU.ActiveCfg = Debug|Any CPU
		{5D636B22-EFFE-4AE6-B4FF-0B5E45A48EAF}.Debug|Any CPU.Build.0 = Debug|Any CPU
		{5D636B22-EFFE-4AE6-B4FF-0B5E45A48EAF}.Debug|x64.ActiveCfg = Debug|Any CPU
		{5D636B22-EFFE-4AE6-B4FF-0B5E45A48EAF}.Debug|x64.Build.0 = Debug|Any CPU
		{5D636B22-EFFE-4AE6-B4FF-0B5E45A48EAF}.Debug|x86.ActiveCfg = Debug|Any CPU
		{5D636B22-EFFE-4AE6-B4FF-0B5E45A48EAF}.Debug|x86.Build.0 = Debug|Any CPU
		{5D636B22-EFFE-4AE6-B4FF-0B5E45A48EAF}.Release|Any CPU.ActiveCfg = Release|Any CPU
		{5D636B22-EFFE-4AE6-B4FF-0B5E45A48EAF}.Release|Any CPU.Build.0 = Release|Any CPU
		{5D636B22-EFFE-4AE6-B4FF-0B5E45A48EAF}.Release|x64.ActiveCfg = Release|Any CPU
		{5D636B22-EFFE-4AE6-B4FF-0B5E45A48EAF}.Release|x64.Build.0 = Release|Any CPU
		{5D636B22-EFFE-4AE6-B4FF-0B5E45A48EAF}.Release|x86.ActiveCfg = Release|Any CPU
		{5D636B22-EFFE-4AE6-B4FF-0B5E45A48EAF}.Release|x86.Build.0 = Release|Any CPU
		{A55808B3-14C7-4D5D-ACC3-6E75B2C2490A}.Debug|Any CPU.ActiveCfg = Debug|Any CPU
		{A55808B3-14C7-4D5D-ACC3-6E75B2C2490A}.Debug|Any CPU.Build.0 = Debug|Any CPU
		{A55808B3-14C7-4D5D-ACC3-6E75B2C2490A}.Debug|x64.ActiveCfg = Debug|Any CPU
		{A55808B3-14C7-4D5D-ACC3-6E75B2C2490A}.Debug|x64.Build.0 = Debug|Any CPU
		{A55808B3-14C7-4D5D-ACC3-6E75B2C2490A}.Debug|x86.ActiveCfg = Debug|Any CPU
		{A55808B3-14C7-4D5D-ACC3-6E75B2C2490A}.Debug|x86.Build.0 = Debug|Any CPU
		{A55808B3-14C7-4D5D-ACC3-6E75B2C2490A}.Release|Any CPU.ActiveCfg = Release|Any CPU
		{A55808B3-14C7-4D5D-ACC3-6E75B2C2490A}.Release|Any CPU.Build.0 = Release|Any CPU
		{A55808B3-14C7-4D5D-ACC3-6E75B2C2490A}.Release|x64.ActiveCfg = Release|Any CPU
		{A55808B3-14C7-4D5D-ACC3-6E75B2C2490A}.Release|x64.Build.0 = Release|Any CPU
		{A55808B3-14C7-4D5D-ACC3-6E75B2C2490A}.Release|x86.ActiveCfg = Release|Any CPU
		{A55808B3-14C7-4D5D-ACC3-6E75B2C2490A}.Release|x86.Build.0 = Release|Any CPU
		{C445428E-37BC-4553-A29B-8ACF4E7EB85D}.Debug|Any CPU.ActiveCfg = Debug|Any CPU
		{C445428E-37BC-4553-A29B-8ACF4E7EB85D}.Debug|Any CPU.Build.0 = Debug|Any CPU
		{C445428E-37BC-4553-A29B-8ACF4E7EB85D}.Debug|x64.ActiveCfg = Debug|Any CPU
		{C445428E-37BC-4553-A29B-8ACF4E7EB85D}.Debug|x64.Build.0 = Debug|Any CPU
		{C445428E-37BC-4553-A29B-8ACF4E7EB85D}.Debug|x86.ActiveCfg = Debug|Any CPU
		{C445428E-37BC-4553-A29B-8ACF4E7EB85D}.Debug|x86.Build.0 = Debug|Any CPU
		{C445428E-37BC-4553-A29B-8ACF4E7EB85D}.Release|Any CPU.ActiveCfg = Release|Any CPU
		{C445428E-37BC-4553-A29B-8ACF4E7EB85D}.Release|Any CPU.Build.0 = Release|Any CPU
		{C445428E-37BC-4553-A29B-8ACF4E7EB85D}.Release|x64.ActiveCfg = Release|Any CPU
		{C445428E-37BC-4553-A29B-8ACF4E7EB85D}.Release|x64.Build.0 = Release|Any CPU
		{C445428E-37BC-4553-A29B-8ACF4E7EB85D}.Release|x86.ActiveCfg = Release|Any CPU
		{C445428E-37BC-4553-A29B-8ACF4E7EB85D}.Release|x86.Build.0 = Release|Any CPU
	EndGlobalSection
EndGlobal
